
Microsoft Visual Studio Solution File, Format Version 12.00
# Visual Studio Version 17
VisualStudioVersion = 17.11.35312.102
MinimumVisualStudioVersion = 10.0.40219.1
Project("{9A19103F-16F7-4668-BE54-9A1E7A4F7556}") = "LIB_Repositorios", "LIB_Repositorios\LIB_Repositorios.csproj", "{02F62394-8DE7-4321-913C-C594C87BB2D4}"
EndProject
Project("{FAE04EC0-301F-11D3-BF4B-00C04F79EFBC}") = "LIB_Entidades", "LIB_Entidades\LIB_Entidades.csproj", "{94627BF8-830A-44F0-B711-59BFAE6E1632}"
EndProject
Project("{FAE04EC0-301F-11D3-BF4B-00C04F79EFBC}") = "mst_Pruebas_Unitarias", "mst_Pruebas_Unitarias\mst_Pruebas_Unitarias.csproj", "{F2167EB3-24BB-40A3-BC96-B57760AD8E07}"
EndProject
Global
	GlobalSection(SolutionConfigurationPlatforms) = preSolution
		Debug|Any CPU = Debug|Any CPU
		Release|Any CPU = Release|Any CPU
	EndGlobalSection
	GlobalSection(ProjectConfigurationPlatforms) = postSolution
		{02F62394-8DE7-4321-913C-C594C87BB2D4}.Debug|Any CPU.ActiveCfg = Debug|Any CPU
		{02F62394-8DE7-4321-913C-C594C87BB2D4}.Debug|Any CPU.Build.0 = Debug|Any CPU
		{02F62394-8DE7-4321-913C-C594C87BB2D4}.Release|Any CPU.ActiveCfg = Release|Any CPU
		{02F62394-8DE7-4321-913C-C594C87BB2D4}.Release|Any CPU.Build.0 = Release|Any CPU
		{94627BF8-830A-44F0-B711-59BFAE6E1632}.Debug|Any CPU.ActiveCfg = Debug|Any CPU
		{94627BF8-830A-44F0-B711-59BFAE6E1632}.Debug|Any CPU.Build.0 = Debug|Any CPU
		{94627BF8-830A-44F0-B711-59BFAE6E1632}.Release|Any CPU.ActiveCfg = Release|Any CPU
		{94627BF8-830A-44F0-B711-59BFAE6E1632}.Release|Any CPU.Build.0 = Release|Any CPU
		{F2167EB3-24BB-40A3-BC96-B57760AD8E07}.Debug|Any CPU.ActiveCfg = Debug|Any CPU
		{F2167EB3-24BB-40A3-BC96-B57760AD8E07}.Debug|Any CPU.Build.0 = Debug|Any CPU
		{F2167EB3-24BB-40A3-BC96-B57760AD8E07}.Release|Any CPU.ActiveCfg = Release|Any CPU
		{F2167EB3-24BB-40A3-BC96-B57760AD8E07}.Release|Any CPU.Build.0 = Release|Any CPU
	EndGlobalSection
	GlobalSection(SolutionProperties) = preSolution
		HideSolutionNode = FALSE
	EndGlobalSection
	GlobalSection(ExtensibilityGlobals) = postSolution
		SolutionGuid = {3868F41F-167F-4CF5-A2A6-92CD92B91CDD}
	EndGlobalSection
EndGlobal
